
Microsoft Visual Studio Solution File, Format Version 12.00
# Visual Studio Version 17
VisualStudioVersion = 17.1.32210.238
MinimumVisualStudioVersion = 10.0.40219.1
Project("{FAE04EC0-301F-11D3-BF4B-00C04F79EFBC}") = "modul2_1302204126", "modul2_1302204126\modul2_1302204126.csproj", "{D21AB5DC-607D-450F-8D2D-DC3875AF17EC}"
EndProject
Global
	GlobalSection(SolutionConfigurationPlatforms) = preSolution
		Debug|Any CPU = Debug|Any CPU
		Release|Any CPU = Release|Any CPU
	EndGlobalSection
	GlobalSection(ProjectConfigurationPlatforms) = postSolution
		{D21AB5DC-607D-450F-8D2D-DC3875AF17EC}.Debug|Any CPU.ActiveCfg = Debug|Any CPU
		{D21AB5DC-607D-450F-8D2D-DC3875AF17EC}.Debug|Any CPU.Build.0 = Debug|Any CPU
		{D21AB5DC-607D-450F-8D2D-DC3875AF17EC}.Release|Any CPU.ActiveCfg = Release|Any CPU
		{D21AB5DC-607D-450F-8D2D-DC3875AF17EC}.Release|Any CPU.Build.0 = Release|Any CPU
	EndGlobalSection
	GlobalSection(SolutionProperties) = preSolution
		HideSolutionNode = FALSE
	EndGlobalSection
	GlobalSection(ExtensibilityGlobals) = postSolution
		SolutionGuid = {CC1BDC2E-067F-4E9B-B53A-0E2C2784AD46}
	EndGlobalSection
EndGlobal
